
Microsoft Visual Studio Solution File, Format Version 12.00
# Visual Studio Version 17
VisualStudioVersion = 17.2.32630.192
MinimumVisualStudioVersion = 10.0.40219.1
Project("{FAE04EC0-301F-11D3-BF4B-00C04F79EFBC}") = "ClinicManagementClient", "ClinicManagementClient\ClinicManagementClient.csproj", "{EE999283-D277-4788-85F9-AE202F15AA24}"
EndProject
Global
	GlobalSection(SolutionConfigurationPlatforms) = preSolution
		Debug|Any CPU = Debug|Any CPU
		Release|Any CPU = Release|Any CPU
	EndGlobalSection
	GlobalSection(ProjectConfigurationPlatforms) = postSolution
		{EE999283-D277-4788-85F9-AE202F15AA24}.Debug|Any CPU.ActiveCfg = Debug|Any CPU
		{EE999283-D277-4788-85F9-AE202F15AA24}.Debug|Any CPU.Build.0 = Debug|Any CPU
		{EE999283-D277-4788-85F9-AE202F15AA24}.Release|Any CPU.ActiveCfg = Release|Any CPU
		{EE999283-D277-4788-85F9-AE202F15AA24}.Release|Any CPU.Build.0 = Release|Any CPU
	EndGlobalSection
	GlobalSection(SolutionProperties) = preSolution
		HideSolutionNode = FALSE
	EndGlobalSection
	GlobalSection(ExtensibilityGlobals) = postSolution
		SolutionGuid = {C2683019-9771-4A9D-8F4D-D03598770CD8}
	EndGlobalSection
EndGlobal
